
Microsoft Visual Studio Solution File, Format Version 12.00
# Visual Studio Version 17
VisualStudioVersion = 17.0.31903.59
MinimumVisualStudioVersion = 10.0.40219.1
Project("{2150E333-8FDC-42A3-9474-1A3956D46DE8}") = "src", "src", "{DD54D744-4D4A-42FA-A0E5-641FBE2666AF}"
EndProject
Project("{FAE04EC0-301F-11D3-BF4B-00C04F79EFBC}") = "BSourceNotifier.API", "src\BSourceNotifier.API\BSourceNotifier.API.csproj", "{6EE0C6DF-50F0-483F-B0A6-9119C35B5010}"
EndProject
Project("{FAE04EC0-301F-11D3-BF4B-00C04F79EFBC}") = "BSourceNotifier.Application", "src\BSourceNotifier.Application\BSourceNotifier.Application.csproj", "{37ABBBD9-CEB0-4395-BD37-02FCC764F565}"
EndProject
Project("{FAE04EC0-301F-11D3-BF4B-00C04F79EFBC}") = "BSourceNotifier.Domain", "src\BSourceNotifier.Domain\BSourceNotifier.Domain.csproj", "{5B8BA04F-5F36-47E3-A084-8EDFE696638A}"
EndProject
Project("{FAE04EC0-301F-11D3-BF4B-00C04F79EFBC}") = "BSourceNotifier.Infrastructure", "src\BSourceNotifier.Infrastructure\BSourceNotifier.Infrastructure.csproj", "{FA7F6AA9-4305-45A6-9A9A-8BB83F1440AF}"
EndProject
Project("{FAE04EC0-301F-11D3-BF4B-00C04F79EFBC}") = "BSourceNotifier.Contracts", "src\BSourceNotifier.Contracts\BSourceNotifier.Contracts.csproj", "{8AF971F6-5B71-41EA-AD06-8A0B6754FAA6}"
EndProject
Global
	GlobalSection(SolutionConfigurationPlatforms) = preSolution
		Debug|Any CPU = Debug|Any CPU
		Release|Any CPU = Release|Any CPU
	EndGlobalSection
	GlobalSection(SolutionProperties) = preSolution
		HideSolutionNode = FALSE
	EndGlobalSection
	GlobalSection(ProjectConfigurationPlatforms) = postSolution
		{6EE0C6DF-50F0-483F-B0A6-9119C35B5010}.Debug|Any CPU.ActiveCfg = Debug|Any CPU
		{6EE0C6DF-50F0-483F-B0A6-9119C35B5010}.Debug|Any CPU.Build.0 = Debug|Any CPU
		{6EE0C6DF-50F0-483F-B0A6-9119C35B5010}.Release|Any CPU.ActiveCfg = Release|Any CPU
		{6EE0C6DF-50F0-483F-B0A6-9119C35B5010}.Release|Any CPU.Build.0 = Release|Any CPU
		{37ABBBD9-CEB0-4395-BD37-02FCC764F565}.Debug|Any CPU.ActiveCfg = Debug|Any CPU
		{37ABBBD9-CEB0-4395-BD37-02FCC764F565}.Debug|Any CPU.Build.0 = Debug|Any CPU
		{37ABBBD9-CEB0-4395-BD37-02FCC764F565}.Release|Any CPU.ActiveCfg = Release|Any CPU
		{37ABBBD9-CEB0-4395-BD37-02FCC764F565}.Release|Any CPU.Build.0 = Release|Any CPU
		{5B8BA04F-5F36-47E3-A084-8EDFE696638A}.Debug|Any CPU.ActiveCfg = Debug|Any CPU
		{5B8BA04F-5F36-47E3-A084-8EDFE696638A}.Debug|Any CPU.Build.0 = Debug|Any CPU
		{5B8BA04F-5F36-47E3-A084-8EDFE696638A}.Release|Any CPU.ActiveCfg = Release|Any CPU
		{5B8BA04F-5F36-47E3-A084-8EDFE696638A}.Release|Any CPU.Build.0 = Release|Any CPU
		{FA7F6AA9-4305-45A6-9A9A-8BB83F1440AF}.Debug|Any CPU.ActiveCfg = Debug|Any CPU
		{FA7F6AA9-4305-45A6-9A9A-8BB83F1440AF}.Debug|Any CPU.Build.0 = Debug|Any CPU
		{FA7F6AA9-4305-45A6-9A9A-8BB83F1440AF}.Release|Any CPU.ActiveCfg = Release|Any CPU
		{FA7F6AA9-4305-45A6-9A9A-8BB83F1440AF}.Release|Any CPU.Build.0 = Release|Any CPU
		{8AF971F6-5B71-41EA-AD06-8A0B6754FAA6}.Debug|Any CPU.ActiveCfg = Debug|Any CPU
		{8AF971F6-5B71-41EA-AD06-8A0B6754FAA6}.Debug|Any CPU.Build.0 = Debug|Any CPU
		{8AF971F6-5B71-41EA-AD06-8A0B6754FAA6}.Release|Any CPU.ActiveCfg = Release|Any CPU
		{8AF971F6-5B71-41EA-AD06-8A0B6754FAA6}.Release|Any CPU.Build.0 = Release|Any CPU
	EndGlobalSection
	GlobalSection(NestedProjects) = preSolution
		{6EE0C6DF-50F0-483F-B0A6-9119C35B5010} = {DD54D744-4D4A-42FA-A0E5-641FBE2666AF}
		{37ABBBD9-CEB0-4395-BD37-02FCC764F565} = {DD54D744-4D4A-42FA-A0E5-641FBE2666AF}
		{5B8BA04F-5F36-47E3-A084-8EDFE696638A} = {DD54D744-4D4A-42FA-A0E5-641FBE2666AF}
		{FA7F6AA9-4305-45A6-9A9A-8BB83F1440AF} = {DD54D744-4D4A-42FA-A0E5-641FBE2666AF}
		{8AF971F6-5B71-41EA-AD06-8A0B6754FAA6} = {DD54D744-4D4A-42FA-A0E5-641FBE2666AF}
	EndGlobalSection
EndGlobal
